
Microsoft Visual Studio Solution File, Format Version 12.00
# Visual Studio Version 16
VisualStudioVersion = 16.0.31205.134
MinimumVisualStudioVersion = 10.0.40219.1
Project("{FAE04EC0-301F-11D3-BF4B-00C04F79EFBC}") = "InventarAPI", "InventarAPI\InventarAPI.csproj", "{87013611-52CA-422A-93EB-7A1FFA43646C}"
EndProject
Global
	GlobalSection(SolutionConfigurationPlatforms) = preSolution
		Debug|Any CPU = Debug|Any CPU
		Release|Any CPU = Release|Any CPU
	EndGlobalSection
	GlobalSection(ProjectConfigurationPlatforms) = postSolution
		{87013611-52CA-422A-93EB-7A1FFA43646C}.Debug|Any CPU.ActiveCfg = Debug|Any CPU
		{87013611-52CA-422A-93EB-7A1FFA43646C}.Debug|Any CPU.Build.0 = Debug|Any CPU
		{87013611-52CA-422A-93EB-7A1FFA43646C}.Release|Any CPU.ActiveCfg = Release|Any CPU
		{87013611-52CA-422A-93EB-7A1FFA43646C}.Release|Any CPU.Build.0 = Release|Any CPU
	EndGlobalSection
	GlobalSection(SolutionProperties) = preSolution
		HideSolutionNode = FALSE
	EndGlobalSection
	GlobalSection(ExtensibilityGlobals) = postSolution
		SolutionGuid = {C223FF79-0AC3-4883-BB20-6A70EC1C94C1}
	EndGlobalSection
EndGlobal
